// !$*UTF8*$!
{
	archiveVersion = 1;
	classes = {
	};
	objectVersion = 50;
	objects = {

/* Begin PBXBuildFile section */
		2906A604257E5EF4000CF887 /* AppDelegate.swift in Sources */ = {isa = PBXBuildFile; fileRef = 2906A603257E5EF4000CF887 /* AppDelegate.swift */; };
		2906A606257E5EF4000CF887 /* SceneDelegate.swift in Sources */ = {isa = PBXBuildFile; fileRef = 2906A605257E5EF4000CF887 /* SceneDelegate.swift */; };
		2906A608257E5EF4000CF887 /* ViewController.swift in Sources */ = {isa = PBXBuildFile; fileRef = 2906A607257E5EF4000CF887 /* ViewController.swift */; };
		2906A60B257E5EF4000CF887 /* Main.storyboard in Resources */ = {isa = PBXBuildFile; fileRef = 2906A609257E5EF4000CF887 /* Main.storyboard */; };
		2906A60D257E5EF5000CF887 /* Assets.xcassets in Resources */ = {isa = PBXBuildFile; fileRef = 2906A60C257E5EF5000CF887 /* Assets.xcassets */; };
		2906A610257E5EF5000CF887 /* LaunchScreen.storyboard in Resources */ = {isa = PBXBuildFile; fileRef = 2906A60E257E5EF5000CF887 /* LaunchScreen.storyboard */; };
		2906A61B257E5EF5000CF887 /* ARSolarSystemTests.swift in Sources */ = {isa = PBXBuildFile; fileRef = 2906A61A257E5EF5000CF887 /* ARSolarSystemTests.swift */; };
		2906A626257E5EF5000CF887 /* ARSolarSystemUITests.swift in Sources */ = {isa = PBXBuildFile; fileRef = 2906A625257E5EF5000CF887 /* ARSolarSystemUITests.swift */; };
/* End PBXBuildFile section */

/* Begin PBXContainerItemProxy section */
		2906A617257E5EF5000CF887 /* PBXContainerItemProxy */ = {
			isa = PBXContainerItemProxy;
			containerPortal = 2906A5F8257E5EF4000CF887 /* Project object */;
			proxyType = 1;
			remoteGlobalIDString = 2906A5FF257E5EF4000CF887;
			remoteInfo = ARSolarSystem;
		};
		2906A622257E5EF5000CF887 /* PBXContainerItemProxy */ = {
			isa = PBXContainerItemProxy;
			containerPortal = 2906A5F8257E5EF4000CF887 /* Project object */;
			proxyType = 1;
			remoteGlobalIDString = 2906A5FF257E5EF4000CF887;
			remoteInfo = ARSolarSystem;
		};
/* End PBXContainerItemProxy section */

/* Begin PBXFileReference section */
		2906A600257E5EF4000CF887 /* ARSolarSystem.app */ = {isa = PBXFileReference; explicitFileType = wrapper.application; includeInIndex = 0; path = ARSolarSystem.app; sourceTree = BUILT_PRODUCTS_DIR; };
		2906A603257E5EF4000CF887 /* AppDelegate.swift */ = {isa = PBXFileReference; lastKnownFileType = sourcecode.swift; path = AppDelegate.swift; sourceTree = "<group>"; };
		2906A605257E5EF4000CF887 /* SceneDelegate.swift */ = {isa = PBXFileReference; lastKnownFileType = sourcecode.swift; path = SceneDelegate.swift; sourceTree = "<group>"; };
		2906A607257E5EF4000CF887 /* ViewController.swift */ = {isa = PBXFileReference; lastKnownFileType = sourcecode.swift; path = ViewController.swift; sourceTree = "<group>"; };
		2906A60A257E5EF4000CF887 /* Base */ = {isa = PBXFileReference; lastKnownFileType = file.storyboard; name = Base; path = Base.lproj/Main.storyboard; sourceTree = "<group>"; };
		2906A60C257E5EF5000CF887 /* Assets.xcassets */ = {isa = PBXFileReference; lastKnownFileType = folder.assetcatalog; path = Assets.xcassets; sourceTree = "<group>"; };
		2906A60F257E5EF5000CF887 /* Base */ = {isa = PBXFileReference; lastKnownFileType = file.storyboard; name = Base; path = Base.lproj/LaunchScreen.storyboard; sourceTree = "<group>"; };
		2906A611257E5EF5000CF887 /* Info.plist */ = {isa = PBXFileReference; lastKnownFileType = text.plist.xml; path = Info.plist; sourceTree = "<group>"; };
		2906A616257E5EF5000CF887 /* ARSolarSystemTests.xctest */ = {isa = PBXFileReference; explicitFileType = wrapper.cfbundle; includeInIndex = 0; path = ARSolarSystemTests.xctest; sourceTree = BUILT_PRODUCTS_DIR; };
		2906A61A257E5EF5000CF887 /* ARSolarSystemTests.swift */ = {isa = PBXFileReference; lastKnownFileType = sourcecode.swift; path = ARSolarSystemTests.swift; sourceTree = "<group>"; };
		2906A61C257E5EF5000CF887 /* Info.plist */ = {isa = PBXFileReference; lastKnownFileType = text.plist.xml; path = Info.plist; sourceTree = "<group>"; };
		2906A621257E5EF5000CF887 /* ARSolarSystemUITests.xctest */ = {isa = PBXFileReference; explicitFileType = wrapper.cfbundle; includeInIndex = 0; path = ARSolarSystemUITests.xctest; sourceTree = BUILT_PRODUCTS_DIR; };
		2906A625257E5EF5000CF887 /* ARSolarSystemUITests.swift */ = {isa = PBXFileReference; lastKnownFileType = sourcecode.swift; path = ARSolarSystemUITests.swift; sourceTree = "<group>"; };
		2906A627257E5EF5000CF887 /* Info.plist */ = {isa = PBXFileReference; lastKnownFileType = text.plist.xml; path = Info.plist; sourceTree = "<group>"; };
/* End PBXFileReference section */

/* Begin PBXFrameworksBuildPhase section */
		2906A5FD257E5EF4000CF887 /* Frameworks */ = {
			isa = PBXFrameworksBuildPhase;
			buildActionMask = 2147483647;
			files = (
			);
			runOnlyForDeploymentPostprocessing = 0;
		};
		2906A613257E5EF5000CF887 /* Frameworks */ = {
			isa = PBXFrameworksBuildPhase;
			buildActionMask = 2147483647;
			files = (
			);
			runOnlyForDeploymentPostprocessing = 0;
		};
		2906A61E257E5EF5000CF887 /* Frameworks */ = {
			isa = PBXFrameworksBuildPhase;
			buildActionMask = 2147483647;
			files = (
			);
			runOnlyForDeploymentPostprocessing = 0;
		};
/* End PBXFrameworksBuildPhase section */

/* Begin PBXGroup section */
		2906A5F7257E5EF4000CF887 = {
			isa = PBXGroup;
			children = (
				2906A602257E5EF4000CF887 /* ARSolarSystem */,
				2906A619257E5EF5000CF887 /* ARSolarSystemTests */,
				2906A624257E5EF5000CF887 /* ARSolarSystemUITests */,
				2906A601257E5EF4000CF887 /* Products */,
			);
			sourceTree = "<group>";
		};
		2906A601257E5EF4000CF887 /* Products */ = {
			isa = PBXGroup;
			children = (
				2906A600257E5EF4000CF887 /* ARSolarSystem.app */,
				2906A616257E5EF5000CF887 /* ARSolarSystemTests.xctest */,
				2906A621257E5EF5000CF887 /* ARSolarSystemUITests.xctest */,
			);
			name = Products;
			sourceTree = "<group>";
		};
		2906A602257E5EF4000CF887 /* ARSolarSystem */ = {
			isa = PBXGroup;
			children = (
				2906A603257E5EF4000CF887 /* AppDelegate.swift */,
				2906A605257E5EF4000CF887 /* SceneDelegate.swift */,
				2906A607257E5EF4000CF887 /* ViewController.swift */,
				2906A609257E5EF4000CF887 /* Main.storyboard */,
				2906A60C257E5EF5000CF887 /* Assets.xcassets */,
				2906A60E257E5EF5000CF887 /* LaunchScreen.storyboard */,
				2906A611257E5EF5000CF887 /* Info.plist */,
			);
			path = ARSolarSystem;
			sourceTree = "<group>";
		};
		2906A619257E5EF5000CF887 /* ARSolarSystemTests */ = {
			isa = PBXGroup;
			children = (
				2906A61A257E5EF5000CF887 /* ARSolarSystemTests.swift */,
				2906A61C257E5EF5000CF887 /* Info.plist */,
			);
			path = ARSolarSystemTests;
			sourceTree = "<group>";
		};
		2906A624257E5EF5000CF887 /* ARSolarSystemUITests */ = {
			isa = PBXGroup;
			children = (
				2906A625257E5EF5000CF887 /* ARSolarSystemUITests.swift */,
				2906A627257E5EF5000CF887 /* Info.plist */,
			);
			path = ARSolarSystemUITests;
			sourceTree = "<group>";
		};
/* End PBXGroup section */

/* Begin PBXNativeTarget section */
		2906A5FF257E5EF4000CF887 /* ARSolarSystem */ = {
			isa = PBXNativeTarget;
			buildConfigurationList = 2906A62A257E5EF5000CF887 /* Build configuration list for PBXNativeTarget "ARSolarSystem" */;
			buildPhases = (
				2906A5FC257E5EF4000CF887 /* Sources */,
				2906A5FD257E5EF4000CF887 /* Frameworks */,
				2906A5FE257E5EF4000CF887 /* Resources */,
			);
			buildRules = (
			);
			dependencies = (
			);
			name = ARSolarSystem;
			productName = ARSolarSystem;
			productReference = 2906A600257E5EF4000CF887 /* ARSolarSystem.app */;
			productType = "com.apple.product-type.application";
		};
		2906A615257E5EF5000CF887 /* ARSolarSystemTests */ = {
			isa = PBXNativeTarget;
			buildConfigurationList = 2906A62D257E5EF5000CF887 /* Build configuration list for PBXNativeTarget "ARSolarSystemTests" */;
			buildPhases = (
				2906A612257E5EF5000CF887 /* Sources */,
				2906A613257E5EF5000CF887 /* Frameworks */,
				2906A614257E5EF5000CF887 /* Resources */,
			);
			buildRules = (
			);
			dependencies = (
				2906A618257E5EF5000CF887 /* PBXTargetDependency */,
			);
			name = ARSolarSystemTests;
			productName = ARSolarSystemTests;
			productReference = 2906A616257E5EF5000CF887 /* ARSolarSystemTests.xctest */;
			productType = "com.apple.product-type.bundle.unit-test";
		};
		2906A620257E5EF5000CF887 /* ARSolarSystemUITests */ = {
			isa = PBXNativeTarget;
			buildConfigurationList = 2906A630257E5EF5000CF887 /* Build configuration list for PBXNativeTarget "ARSolarSystemUITests" */;
			buildPhases = (
				2906A61D257E5EF5000CF887 /* Sources */,
				2906A61E257E5EF5000CF887 /* Frameworks */,
				2906A61F257E5EF5000CF887 /* Resources */,
			);
			buildRules = (
			);
			dependencies = (
				2906A623257E5EF5000CF887 /* PBXTargetDependency */,
			);
			name = ARSolarSystemUITests;
			productName = ARSolarSystemUITests;
			productReference = 2906A621257E5EF5000CF887 /* ARSolarSystemUITests.xctest */;
			productType = "com.apple.product-type.bundle.ui-testing";
		};
/* End PBXNativeTarget section */

/* Begin PBXProject section */
		2906A5F8257E5EF4000CF887 /* Project object */ = {
			isa = PBXProject;
			attributes = {
				LastSwiftUpdateCheck = 1220;
				LastUpgradeCheck = 1220;
				TargetAttributes = {
					2906A5FF257E5EF4000CF887 = {
						CreatedOnToolsVersion = 12.2;
					};
					2906A615257E5EF5000CF887 = {
						CreatedOnToolsVersion = 12.2;
						TestTargetID = 2906A5FF257E5EF4000CF887;
					};
					2906A620257E5EF5000CF887 = {
						CreatedOnToolsVersion = 12.2;
						TestTargetID = 2906A5FF257E5EF4000CF887;
					};
				};
			};
			buildConfigurationList = 2906A5FB257E5EF4000CF887 /* Build configuration list for PBXProject "ARSolarSystem" */;
			compatibilityVersion = "Xcode 9.3";
			developmentRegion = en;
			hasScannedForEncodings = 0;
			knownRegions = (
				en,
				Base,
			);
			mainGroup = 2906A5F7257E5EF4000CF887;
			productRefGroup = 2906A601257E5EF4000CF887 /* Products */;
			projectDirPath = "";
			projectRoot = "";
			targets = (
				2906A5FF257E5EF4000CF887 /* ARSolarSystem */,
				2906A615257E5EF5000CF887 /* ARSolarSystemTests */,
				2906A620257E5EF5000CF887 /* ARSolarSystemUITests */,
			);
		};
/* End PBXProject section */

/* Begin PBXResourcesBuildPhase section */
		2906A5FE257E5EF4000CF887 /* Resources */ = {
			isa = PBXResourcesBuildPhase;
			buildActionMask = 2147483647;
			files = (
				2906A610257E5EF5000CF887 /* LaunchScreen.storyboard in Resources */,
				2906A60D257E5EF5000CF887 /* Assets.xcassets in Resources */,
				2906A60B257E5EF4000CF887 /* Main.storyboard in Resources */,
			);
			runOnlyForDeploymentPostprocessing = 0;
		};
		2906A614257E5EF5000CF887 /* Resources */ = {
			isa = PBXResourcesBuildPhase;
			buildActionMask = 2147483647;
			files = (
			);
			runOnlyForDeploymentPostprocessing = 0;
		};
		2906A61F257E5EF5000CF887 /* Resources */ = {
			isa = PBXResourcesBuildPhase;
			buildActionMask = 2147483647;
			files = (
			);
			runOnlyForDeploymentPostprocessing = 0;
		};
/* End PBXResourcesBuildPhase section */

/* Begin PBXSourcesBuildPhase section */
		2906A5FC257E5EF4000CF887 /* Sources */ = {
			isa = PBXSourcesBuildPhase;
			buildActionMask = 2147483647;
			files = (
				2906A608257E5EF4000CF887 /* ViewController.swift in Sources */,
				2906A604257E5EF4000CF887 /* AppDelegate.swift in Sources */,
				2906A606257E5EF4000CF887 /* SceneDelegate.swift in Sources */,
			);
			runOnlyForDeploymentPostprocessing = 0;
		};
		2906A612257E5EF5000CF887 /* Sources */ = {
			isa = PBXSourcesBuildPhase;
			buildActionMask = 2147483647;
			files = (
				2906A61B257E5EF5000CF887 /* ARSolarSystemTests.swift in Sources */,
			);
			runOnlyForDeploymentPostprocessing = 0;
		};
		2906A61D257E5EF5000CF887 /* Sources */ = {
			isa = PBXSourcesBuildPhase;
			buildActionMask = 2147483647;
			files = (
				2906A626257E5EF5000CF887 /* ARSolarSystemUITests.swift in Sources */,
			);
			runOnlyForDeploymentPostprocessing = 0;
		};
/* End PBXSourcesBuildPhase section */

/* Begin PBXTargetDependency section */
		2906A618257E5EF5000CF887 /* PBXTargetDependency */ = {
			isa = PBXTargetDependency;
			target = 2906A5FF257E5EF4000CF887 /* ARSolarSystem */;
			targetProxy = 2906A617257E5EF5000CF887 /* PBXContainerItemProxy */;
		};
		2906A623257E5EF5000CF887 /* PBXTargetDependency */ = {
			isa = PBXTargetDependency;
			target = 2906A5FF257E5EF4000CF887 /* ARSolarSystem */;
			targetProxy = 2906A622257E5EF5000CF887 /* PBXContainerItemProxy */;
		};
/* End PBXTargetDependency section */

/* Begin PBXVariantGroup section */
		2906A609257E5EF4000CF887 /* Main.storyboard */ = {
			isa = PBXVariantGroup;
			children = (
				2906A60A257E5EF4000CF887 /* Base */,
			);
			name = Main.storyboard;
			sourceTree = "<group>";
		};
		2906A60E257E5EF5000CF887 /* LaunchScreen.storyboard */ = {
			isa = PBXVariantGroup;
			children = (
				2906A60F257E5EF5000CF887 /* Base */,
			);
			name = LaunchScreen.storyboard;
			sourceTree = "<group>";
		};
/* End PBXVariantGroup section */

/* Begin XCBuildConfiguration section */
		2906A628257E5EF5000CF887 /* Debug */ = {
			isa = XCBuildConfiguration;
			buildSettings = {
				ALWAYS_SEARCH_USER_PATHS = NO;
				CLANG_ANALYZER_NONNULL = YES;
				CLANG_ANALYZER_NUMBER_OBJECT_CONVERSION = YES_AGGRESSIVE;
				CLANG_CXX_LANGUAGE_STANDARD = "gnu++14";
				CLANG_CXX_LIBRARY = "libc++";
				CLANG_ENABLE_MODULES = YES;
				CLANG_ENABLE_OBJC_ARC = YES;
				CLANG_ENABLE_OBJC_WEAK = YES;
				CLANG_WARN_BLOCK_CAPTURE_AUTORELEASING = YES;
				CLANG_WARN_BOOL_CONVERSION = YES;
				CLANG_WARN_COMMA = YES;
				CLANG_WARN_CONSTANT_CONVERSION = YES;
				CLANG_WARN_DEPRECATED_OBJC_IMPLEMENTATIONS = YES;
				CLANG_WARN_DIRECT_OBJC_ISA_USAGE = YES_ERROR;
				CLANG_WARN_DOCUMENTATION_COMMENTS = YES;
				CLANG_WARN_EMPTY_BODY = YES;
				CLANG_WARN_ENUM_CONVERSION = YES;
				CLANG_WARN_INFINITE_RECURSION = YES;
				CLANG_WARN_INT_CONVERSION = YES;
				CLANG_WARN_NON_LITERAL_NULL_CONVERSION = YES;
				CLANG_WARN_OBJC_IMPLICIT_RETAIN_SELF = YES;
				CLANG_WARN_OBJC_LITERAL_CONVERSION = YES;
				CLANG_WARN_OBJC_ROOT_CLASS = YES_ERROR;
				CLANG_WARN_QUOTED_INCLUDE_IN_FRAMEWORK_HEADER = YES;
				CLANG_WARN_RANGE_LOOP_ANALYSIS = YES;
				CLANG_WARN_STRICT_PROTOTYPES = YES;
				CLANG_WARN_SUSPICIOUS_MOVE = YES;
				CLANG_WARN_UNGUARDED_AVAILABILITY = YES_AGGRESSIVE;
				CLANG_WARN_UNREACHABLE_CODE = YES;
				CLANG_WARN__DUPLICATE_METHOD_MATCH = YES;
				COPY_PHASE_STRIP = NO;
				DEBUG_INFORMATION_FORMAT = dwarf;
				ENABLE_STRICT_OBJC_MSGSEND = YES;
				ENABLE_TESTABILITY = YES;
				GCC_C_LANGUAGE_STANDARD = gnu11;
				GCC_DYNAMIC_NO_PIC = NO;
				GCC_NO_COMMON_BLOCKS = YES;
				GCC_OPTIMIZATION_LEVEL = 0;
				GCC_PREPROCESSOR_DEFINITIONS = (
					"DEBUG=1",
					"$(inherited)",
				);
				GCC_WARN_64_TO_32_BIT_CONVERSION = YES;
				GCC_WARN_ABOUT_RETURN_TYPE = YES_ERROR;
				GCC_WARN_UNDECLARED_SELECTOR = YES;
				GCC_WARN_UNINITIALIZED_AUTOS = YES_AGGRESSIVE;
				GCC_WARN_UNUSED_FUNCTION = YES;
				GCC_WARN_UNUSED_VARIABLE = YES;
				IPHONEOS_DEPLOYMENT_TARGET = 14.2;
				MTL_ENABLE_DEBUG_INFO = INCLUDE_SOURCE;
				MTL_FAST_MATH = YES;
				ONLY_ACTIVE_ARCH = YES;
				SDKROOT = iphoneos;
				SWIFT_ACTIVE_COMPILATION_CONDITIONS = DEBUG;
				SWIFT_OPTIMIZATION_LEVEL = "-Onone";
			};
			name = Debug;
		};
		2906A629257E5EF5000CF887 /* Release */ = {
			isa = XCBuildConfiguration;
			buildSettings = {
				ALWAYS_SEARCH_USER_PATHS = NO;
				CLANG_ANALYZER_NONNULL = YES;
				CLANG_ANALYZER_NUMBER_OBJECT_CONVERSION = YES_AGGRESSIVE;
				CLANG_CXX_LANGUAGE_STANDARD = "gnu++14";
				CLANG_CXX_LIBRARY = "libc++";
				CLANG_ENABLE_MODULES = YES;
				CLANG_ENABLE_OBJC_ARC = YES;
				CLANG_ENABLE_OBJC_WEAK = YES;
				CLANG_WARN_BLOCK_CAPTURE_AUTORELEASING = YES;
				CLANG_WARN_BOOL_CONVERSION = YES;
				CLANG_WARN_COMMA = YES;
				CLANG_WARN_CONSTANT_CONVERSION = YES;
				CLANG_WARN_DEPRECATED_OBJC_IMPLEMENTATIONS = YES;
				CLANG_WARN_DIRECT_OBJC_ISA_USAGE = YES_ERROR;
				CLANG_WARN_DOCUMENTATION_COMMENTS = YES;
				CLANG_WARN_EMPTY_BODY = YES;
				CLANG_WARN_ENUM_CONVERSION = YES;
				CLANG_WARN_INFINITE_RECURSION = YES;
				CLANG_WARN_INT_CONVERSION = YES;
				CLANG_WARN_NON_LITERAL_NULL_CONVERSION = YES;
				CLANG_WARN_OBJC_IMPLICIT_RETAIN_SELF = YES;
				CLANG_WARN_OBJC_LITERAL_CONVERSION = YES;
				CLANG_WARN_OBJC_ROOT_CLASS = YES_ERROR;
				CLANG_WARN_QUOTED_INCLUDE_IN_FRAMEWORK_HEADER = YES;
				CLANG_WARN_RANGE_LOOP_ANALYSIS = YES;
				CLANG_WARN_STRICT_PROTOTYPES = YES;
				CLANG_WARN_SUSPICIOUS_MOVE = YES;
				CLANG_WARN_UNGUARDED_AVAILABILITY = YES_AGGRESSIVE;
				CLANG_WARN_UNREACHABLE_CODE = YES;
				CLANG_WARN__DUPLICATE_METHOD_MATCH = YES;
				COPY_PHASE_STRIP = NO;
				DEBUG_INFORMATION_FORMAT = "dwarf-with-dsym";
				ENABLE_NS_ASSERTIONS = NO;
				ENABLE_STRICT_OBJC_MSGSEND = YES;
				GCC_C_LANGUAGE_STANDARD = gnu11;
				GCC_NO_COMMON_BLOCKS = YES;
				GCC_WARN_64_TO_32_BIT_CONVERSION = YES;
				GCC_WARN_ABOUT_RETURN_TYPE = YES_ERROR;
				GCC_WARN_UNDECLARED_SELECTOR = YES;
				GCC_WARN_UNINITIALIZED_AUTOS = YES_AGGRESSIVE;
				GCC_WARN_UNUSED_FUNCTION = YES;
				GCC_WARN_UNUSED_VARIABLE = YES;
				IPHONEOS_DEPLOYMENT_TARGET = 14.2;
				MTL_ENABLE_DEBUG_INFO = NO;
				MTL_FAST_MATH = YES;
				SDKROOT = iphoneos;
				SWIFT_COMPILATION_MODE = wholemodule;
				SWIFT_OPTIMIZATION_LEVEL = "-O";
				VALIDATE_PRODUCT = YES;
			};
			name = Release;
		};
		2906A62B257E5EF5000CF887 /* Debug */ = {
			isa = XCBuildConfiguration;
			buildSettings = {
				ASSETCATALOG_COMPILER_APPICON_NAME = AppIcon;
				ASSETCATALOG_COMPILER_GLOBAL_ACCENT_COLOR_NAME = AccentColor;
				CODE_SIGN_STYLE = Automatic;
				DEVELOPMENT_TEAM = KC4WL3J36F;
				INFOPLIST_FILE = ARSolarSystem/Info.plist;
				LD_RUNPATH_SEARCH_PATHS = (
					"$(inherited)",
					"@executable_path/Frameworks",
				);
				PRODUCT_BUNDLE_IDENTIFIER = Alogorist.ARSolarSystem;
				PRODUCT_NAME = "$(TARGET_NAME)";
				SWIFT_VERSION = 5.0;
				TARGETED_DEVICE_FAMILY = "1,2";
			};
			name = Debug;
		};
		2906A62C257E5EF5000CF887 /* Release */ = {
			isa = XCBuildConfiguration;
			buildSettings = {
				ASSETCATALOG_COMPILER_APPICON_NAME = AppIcon;
				ASSETCATALOG_COMPILER_GLOBAL_ACCENT_COLOR_NAME = AccentColor;
				CODE_SIGN_STYLE = Automatic;
				DEVELOPMENT_TEAM = KC4WL3J36F;
				INFOPLIST_FILE = ARSolarSystem/Info.plist;
				LD_RUNPATH_SEARCH_PATHS = (
					"$(inherited)",
					"@executable_path/Frameworks",
				);
				PRODUCT_BUNDLE_IDENTIFIER = Alogorist.ARSolarSystem;
				PRODUCT_NAME = "$(TARGET_NAME)";
				SWIFT_VERSION = 5.0;
				TARGETED_DEVICE_FAMILY = "1,2";
			};
			name = Release;
		};
		2906A62E257E5EF5000CF887 /* Debug */ = {
			isa = XCBuildConfiguration;
			buildSettings = {
				ALWAYS_EMBED_SWIFT_STANDARD_LIBRARIES = YES;
				BUNDLE_LOADER = "$(TEST_HOST)";
				CODE_SIGN_STYLE = Automatic;
				INFOPLIST_FILE = ARSolarSystemTests/Info.plist;
				IPHONEOS_DEPLOYMENT_TARGET = 14.2;
				LD_RUNPATH_SEARCH_PATHS = (
					"$(inherited)",
					"@executable_path/Frameworks",
					"@loader_path/Frameworks",
				);
				PRODUCT_BUNDLE_IDENTIFIER = Alogorist.ARSolarSystemTests;
				PRODUCT_NAME = "$(TARGET_NAME)";
				SWIFT_VERSION = 5.0;
				TARGETED_DEVICE_FAMILY = "1,2";
				TEST_HOST = "$(BUILT_PRODUCTS_DIR)/ARSolarSystem.app/ARSolarSystem";
			};
			name = Debug;
		};
		2906A62F257E5EF5000CF887 /* Release */ = {
			isa = XCBuildConfiguration;
			buildSettings = {
				ALWAYS_EMBED_SWIFT_STANDARD_LIBRARIES = YES;
				BUNDLE_LOADER = "$(TEST_HOST)";
				CODE_SIGN_STYLE = Automatic;
				INFOPLIST_FILE = ARSolarSystemTests/Info.plist;
				IPHONEOS_DEPLOYMENT_TARGET = 14.2;
				LD_RUNPATH_SEARCH_PATHS = (
					"$(inherited)",
					"@executable_path/Frameworks",
					"@loader_path/Frameworks",
				);
				PRODUCT_BUNDLE_IDENTIFIER = Alogorist.ARSolarSystemTests;
				PRODUCT_NAME = "$(TARGET_NAME)";
				SWIFT_VERSION = 5.0;
				TARGETED_DEVICE_FAMILY = "1,2";
				TEST_HOST = "$(BUILT_PRODUCTS_DIR)/ARSolarSystem.app/ARSolarSystem";
			};
			name = Release;
		};
		2906A631257E5EF5000CF887 /* Debug */ = {
			isa = XCBuildConfiguration;
			buildSettings = {
				ALWAYS_EMBED_SWIFT_STANDARD_LIBRARIES = YES;
				CODE_SIGN_STYLE = Automatic;
				INFOPLIST_FILE = ARSolarSystemUITests/Info.plist;
				LD_RUNPATH_SEARCH_PATHS = (
					"$(inherited)",
					"@executable_path/Frameworks",
					"@loader_path/Frameworks",
				);
				PRODUCT_BUNDLE_IDENTIFIER = Alogorist.ARSolarSystemUITests;
				PRODUCT_NAME = "$(TARGET_NAME)";
				SWIFT_VERSION = 5.0;
				TARGETED_DEVICE_FAMILY = "1,2";
				TEST_TARGET_NAME = ARSolarSystem;
			};
			name = Debug;
		};
		2906A632257E5EF5000CF887 /* Release */ = {
			isa = XCBuildConfiguration;
			buildSettings = {
				ALWAYS_EMBED_SWIFT_STANDARD_LIBRARIES = YES;
				CODE_SIGN_STYLE = Automatic;
				INFOPLIST_FILE = ARSolarSystemUITests/Info.plist;
				LD_RUNPATH_SEARCH_PATHS = (
					"$(inherited)",
					"@executable_path/Frameworks",
					"@loader_path/Frameworks",
				);
				PRODUCT_BUNDLE_IDENTIFIER = Alogorist.ARSolarSystemUITests;
				PRODUCT_NAME = "$(TARGET_NAME)";
				SWIFT_VERSION = 5.0;
				TARGETED_DEVICE_FAMILY = "1,2";
				TEST_TARGET_NAME = ARSolarSystem;
			};
			name = Release;
		};
/* End XCBuildConfiguration section */

/* Begin XCConfigurationList section */
		2906A5FB257E5EF4000CF887 /* Build configuration list for PBXProject "ARSolarSystem" */ = {
			isa = XCConfigurationList;
			buildConfigurations = (
				2906A628257E5EF5000CF887 /* Debug */,
				2906A629257E5EF5000CF887 /* Release */,
			);
			defaultConfigurationIsVisible = 0;
			defaultConfigurationName = Release;
		};
		2906A62A257E5EF5000CF887 /* Build configuration list for PBXNativeTarget "ARSolarSystem" */ = {
			isa = XCConfigurationList;
			buildConfigurations = (
				2906A62B257E5EF5000CF887 /* Debug */,
				2906A62C257E5EF5000CF887 /* Release */,
			);
			defaultConfigurationIsVisible = 0;
			defaultConfigurationName = Release;
		};
		2906A62D257E5EF5000CF887 /* Build configuration list for PBXNativeTarget "ARSolarSystemTests" */ = {
			isa = XCConfigurationList;
			buildConfigurations = (
				2906A62E257E5EF5000CF887 /* Debug */,
				2906A62F257E5EF5000CF887 /* Release */,
			);
			defaultConfigurationIsVisible = 0;
			defaultConfigurationName = Release;
		};
		2906A630257E5EF5000CF887 /* Build configuration list for PBXNativeTarget "ARSolarSystemUITests" */ = {
			isa = XCConfigurationList;
			buildConfigurations = (
				2906A631257E5EF5000CF887 /* Debug */,
				2906A632257E5EF5000CF887 /* Release */,
			);
			defaultConfigurationIsVisible = 0;
			defaultConfigurationName = Release;
		};
/* End XCConfigurationList section */
	};
	rootObject = 2906A5F8257E5EF4000CF887 /* Project object */;
}
